// !$*UTF8*$!
{
	archiveVersion = 1;
	classes = {
	};
	objectVersion = 56;
	objects = {

/* Begin PBXBuildFile section */
		0BE0B2AF29E96C2000FF6D48 /* TwitterCloneApp.swift in Sources */ = {isa = PBXBuildFile; fileRef = 0BE0B2AE29E96C2000FF6D48 /* TwitterCloneApp.swift */; };
		0BE0B2B329E96C2100FF6D48 /* Assets.xcassets in Resources */ = {isa = PBXBuildFile; fileRef = 0BE0B2B229E96C2100FF6D48 /* Assets.xcassets */; };
		0BE0B2B629E96C2100FF6D48 /* Preview Assets.xcassets in Resources */ = {isa = PBXBuildFile; fileRef = 0BE0B2B529E96C2100FF6D48 /* Preview Assets.xcassets */; };
		0BE0B2C929E96E5700FF6D48 /* FeedView.swift in Sources */ = {isa = PBXBuildFile; fileRef = 0BE0B2C829E96E5700FF6D48 /* FeedView.swift */; };
		0BE0B2CC29E970AD00FF6D48 /* TweetsRowView.swift in Sources */ = {isa = PBXBuildFile; fileRef = 0BE0B2CB29E970AD00FF6D48 /* TweetsRowView.swift */; };
		0BE0B2CF29E97B5800FF6D48 /* MainTapView.swift in Sources */ = {isa = PBXBuildFile; fileRef = 0BE0B2CE29E97B5800FF6D48 /* MainTapView.swift */; };
		0BE0B2D529E97C9300FF6D48 /* ExplorView.swift in Sources */ = {isa = PBXBuildFile; fileRef = 0BE0B2D429E97C9300FF6D48 /* ExplorView.swift */; };
		0BE0B2D729E97CA800FF6D48 /* NoficationView.swift in Sources */ = {isa = PBXBuildFile; fileRef = 0BE0B2D629E97CA800FF6D48 /* NoficationView.swift */; };
		0BE0B2D929E97CCE00FF6D48 /* MessageView.swift in Sources */ = {isa = PBXBuildFile; fileRef = 0BE0B2D829E97CCE00FF6D48 /* MessageView.swift */; };
		0BE0B2DD29E97F0E00FF6D48 /* ProfileView.swift in Sources */ = {isa = PBXBuildFile; fileRef = 0BE0B2DC29E97F0E00FF6D48 /* ProfileView.swift */; };
		0BE0B2DF29E98E3E00FF6D48 /* TweetFilterViewModel.swift in Sources */ = {isa = PBXBuildFile; fileRef = 0BE0B2DE29E98E3E00FF6D48 /* TweetFilterViewModel.swift */; };
/* End PBXBuildFile section */

/* Begin PBXFileReference section */
		0BE0B2AB29E96C2000FF6D48 /* TwitterClone.app */ = {isa = PBXFileReference; explicitFileType = wrapper.application; includeInIndex = 0; path = TwitterClone.app; sourceTree = BUILT_PRODUCTS_DIR; };
		0BE0B2AE29E96C2000FF6D48 /* TwitterCloneApp.swift */ = {isa = PBXFileReference; lastKnownFileType = sourcecode.swift; path = TwitterCloneApp.swift; sourceTree = "<group>"; };
		0BE0B2B229E96C2100FF6D48 /* Assets.xcassets */ = {isa = PBXFileReference; lastKnownFileType = folder.assetcatalog; path = Assets.xcassets; sourceTree = "<group>"; };
		0BE0B2B529E96C2100FF6D48 /* Preview Assets.xcassets */ = {isa = PBXFileReference; lastKnownFileType = folder.assetcatalog; path = "Preview Assets.xcassets"; sourceTree = "<group>"; };
		0BE0B2C829E96E5700FF6D48 /* FeedView.swift */ = {isa = PBXFileReference; lastKnownFileType = sourcecode.swift; path = FeedView.swift; sourceTree = "<group>"; };
		0BE0B2CB29E970AD00FF6D48 /* TweetsRowView.swift */ = {isa = PBXFileReference; lastKnownFileType = sourcecode.swift; path = TweetsRowView.swift; sourceTree = "<group>"; };
		0BE0B2CE29E97B5800FF6D48 /* MainTapView.swift */ = {isa = PBXFileReference; lastKnownFileType = sourcecode.swift; path = MainTapView.swift; sourceTree = "<group>"; };
		0BE0B2D429E97C9300FF6D48 /* ExplorView.swift */ = {isa = PBXFileReference; lastKnownFileType = sourcecode.swift; path = ExplorView.swift; sourceTree = "<group>"; };
		0BE0B2D629E97CA800FF6D48 /* NoficationView.swift */ = {isa = PBXFileReference; lastKnownFileType = sourcecode.swift; path = NoficationView.swift; sourceTree = "<group>"; };
		0BE0B2D829E97CCE00FF6D48 /* MessageView.swift */ = {isa = PBXFileReference; lastKnownFileType = sourcecode.swift; path = MessageView.swift; sourceTree = "<group>"; };
		0BE0B2DC29E97F0E00FF6D48 /* ProfileView.swift */ = {isa = PBXFileReference; lastKnownFileType = sourcecode.swift; path = ProfileView.swift; sourceTree = "<group>"; };
		0BE0B2DE29E98E3E00FF6D48 /* TweetFilterViewModel.swift */ = {isa = PBXFileReference; lastKnownFileType = sourcecode.swift; path = TweetFilterViewModel.swift; sourceTree = "<group>"; };
/* End PBXFileReference section */

/* Begin PBXFrameworksBuildPhase section */
		0BE0B2A829E96C2000FF6D48 /* Frameworks */ = {
			isa = PBXFrameworksBuildPhase;
			buildActionMask = 2147483647;
			files = (
			);
			runOnlyForDeploymentPostprocessing = 0;
		};
/* End PBXFrameworksBuildPhase section */

/* Begin PBXGroup section */
		0BE0B2A229E96C2000FF6D48 = {
			isa = PBXGroup;
			children = (
				0BE0B2AD29E96C2000FF6D48 /* TwitterClone */,
				0BE0B2AC29E96C2000FF6D48 /* Products */,
			);
			sourceTree = "<group>";
		};
		0BE0B2AC29E96C2000FF6D48 /* Products */ = {
			isa = PBXGroup;
			children = (
				0BE0B2AB29E96C2000FF6D48 /* TwitterClone.app */,
			);
			name = Products;
			sourceTree = "<group>";
		};
		0BE0B2AD29E96C2000FF6D48 /* TwitterClone */ = {
			isa = PBXGroup;
			children = (
				0BE0B2BF29E96C6200FF6D48 /* Extension */,
				0BE0B2BE29E96C5F00FF6D48 /* Model */,
				0BE0B2BD29E96C5D00FF6D48 /* Service */,
				0BE0B2BC29E96C4100FF6D48 /* core */,
				0BE0B2AE29E96C2000FF6D48 /* TwitterCloneApp.swift */,
				0BE0B2B229E96C2100FF6D48 /* Assets.xcassets */,
				0BE0B2B429E96C2100FF6D48 /* Preview Content */,
			);
			path = TwitterClone;
			sourceTree = "<group>";
		};
		0BE0B2B429E96C2100FF6D48 /* Preview Content */ = {
			isa = PBXGroup;
			children = (
				0BE0B2B529E96C2100FF6D48 /* Preview Assets.xcassets */,
			);
			path = "Preview Content";
			sourceTree = "<group>";
		};
		0BE0B2BC29E96C4100FF6D48 /* core */ = {
			isa = PBXGroup;
			children = (
				0BE0B2D329E97C7200FF6D48 /* Profile */,
				0BE0B2D229E97C5900FF6D48 /* Explore */,
				0BE0B2D129E97C5800FF6D48 /* Nofications */,
				0BE0B2D029E97C5500FF6D48 /* Message */,
				0BE0B2CD29E97B4A00FF6D48 /* MainTap */,
				0BE0B2C029E96C8100FF6D48 /* Compornets */,
				0BE0B2C529E96DD900FF6D48 /* Feed */,
			);
			path = core;
			sourceTree = "<group>";
		};
		0BE0B2BD29E96C5D00FF6D48 /* Service */ = {
			isa = PBXGroup;
			children = (
			);
			path = Service;
			sourceTree = "<group>";
		};
		0BE0B2BE29E96C5F00FF6D48 /* Model */ = {
			isa = PBXGroup;
			children = (
			);
			path = Model;
			sourceTree = "<group>";
		};
		0BE0B2BF29E96C6200FF6D48 /* Extension */ = {
			isa = PBXGroup;
			children = (
			);
			path = Extension;
			sourceTree = "<group>";
		};
		0BE0B2C029E96C8100FF6D48 /* Compornets */ = {
			isa = PBXGroup;
			children = (
				0BE0B2CA29E9707F00FF6D48 /* Tweets */,
			);
			path = Compornets;
			sourceTree = "<group>";
		};
		0BE0B2C529E96DD900FF6D48 /* Feed */ = {
			isa = PBXGroup;
			children = (
				0BE0B2C729E96E2D00FF6D48 /* ViewModel */,
				0BE0B2C629E96E2D00FF6D48 /* View */,
			);
			path = Feed;
			sourceTree = "<group>";
		};
		0BE0B2C629E96E2D00FF6D48 /* View */ = {
			isa = PBXGroup;
			children = (
				0BE0B2C829E96E5700FF6D48 /* FeedView.swift */,
			);
			path = View;
			sourceTree = "<group>";
		};
		0BE0B2C729E96E2D00FF6D48 /* ViewModel */ = {
			isa = PBXGroup;
			children = (
			);
			path = ViewModel;
			sourceTree = "<group>";
		};
		0BE0B2CA29E9707F00FF6D48 /* Tweets */ = {
			isa = PBXGroup;
			children = (
				0BE0B2CB29E970AD00FF6D48 /* TweetsRowView.swift */,
			);
			path = Tweets;
			sourceTree = "<group>";
		};
		0BE0B2CD29E97B4A00FF6D48 /* MainTap */ = {
			isa = PBXGroup;
			children = (
				0BE0B2CE29E97B5800FF6D48 /* MainTapView.swift */,
			);
			path = MainTap;
			sourceTree = "<group>";
		};
		0BE0B2D029E97C5500FF6D48 /* Message */ = {
			isa = PBXGroup;
			children = (
				0BE0B2D829E97CCE00FF6D48 /* MessageView.swift */,
			);
			path = Message;
			sourceTree = "<group>";
		};
		0BE0B2D129E97C5800FF6D48 /* Nofications */ = {
			isa = PBXGroup;
			children = (
				0BE0B2D629E97CA800FF6D48 /* NoficationView.swift */,
			);
			path = Nofications;
			sourceTree = "<group>";
		};
		0BE0B2D229E97C5900FF6D48 /* Explore */ = {
			isa = PBXGroup;
			children = (
				0BE0B2D429E97C9300FF6D48 /* ExplorView.swift */,
			);
			path = Explore;
			sourceTree = "<group>";
		};
		0BE0B2D329E97C7200FF6D48 /* Profile */ = {
			isa = PBXGroup;
			children = (
				0BE0B2DB29E97EEB00FF6D48 /* Views */,
				0BE0B2DA29E97EEA00FF6D48 /* ViewModel */,
			);
			path = Profile;
			sourceTree = "<group>";
		};
		0BE0B2DA29E97EEA00FF6D48 /* ViewModel */ = {
			isa = PBXGroup;
			children = (
				0BE0B2DE29E98E3E00FF6D48 /* TweetFilterViewModel.swift */,
			);
			path = ViewModel;
			sourceTree = "<group>";
		};
		0BE0B2DB29E97EEB00FF6D48 /* Views */ = {
			isa = PBXGroup;
			children = (
				0BE0B2DC29E97F0E00FF6D48 /* ProfileView.swift */,
			);
			path = Views;
			sourceTree = "<group>";
		};
/* End PBXGroup section */

/* Begin PBXNativeTarget section */
		0BE0B2AA29E96C2000FF6D48 /* TwitterClone */ = {
			isa = PBXNativeTarget;
			buildConfigurationList = 0BE0B2B929E96C2100FF6D48 /* Build configuration list for PBXNativeTarget "TwitterClone" */;
			buildPhases = (
				0BE0B2A729E96C2000FF6D48 /* Sources */,
				0BE0B2A829E96C2000FF6D48 /* Frameworks */,
				0BE0B2A929E96C2000FF6D48 /* Resources */,
			);
			buildRules = (
			);
			dependencies = (
			);
			name = TwitterClone;
			productName = TwitterClone;
			productReference = 0BE0B2AB29E96C2000FF6D48 /* TwitterClone.app */;
			productType = "com.apple.product-type.application";
		};
/* End PBXNativeTarget section */

/* Begin PBXProject section */
		0BE0B2A329E96C2000FF6D48 /* Project object */ = {
			isa = PBXProject;
			attributes = {
				BuildIndependentTargetsInParallel = 1;
				LastSwiftUpdateCheck = 1430;
				LastUpgradeCheck = 1430;
				TargetAttributes = {
					0BE0B2AA29E96C2000FF6D48 = {
						CreatedOnToolsVersion = 14.3;
					};
				};
			};
			buildConfigurationList = 0BE0B2A629E96C2000FF6D48 /* Build configuration list for PBXProject "TwitterClone" */;
			compatibilityVersion = "Xcode 14.0";
			developmentRegion = en;
			hasScannedForEncodings = 0;
			knownRegions = (
				en,
				Base,
			);
			mainGroup = 0BE0B2A229E96C2000FF6D48;
			productRefGroup = 0BE0B2AC29E96C2000FF6D48 /* Products */;
			projectDirPath = "";
			projectRoot = "";
			targets = (
				0BE0B2AA29E96C2000FF6D48 /* TwitterClone */,
			);
		};
/* End PBXProject section */

/* Begin PBXResourcesBuildPhase section */
		0BE0B2A929E96C2000FF6D48 /* Resources */ = {
			isa = PBXResourcesBuildPhase;
			buildActionMask = 2147483647;
			files = (
				0BE0B2B629E96C2100FF6D48 /* Preview Assets.xcassets in Resources */,
				0BE0B2B329E96C2100FF6D48 /* Assets.xcassets in Resources */,
			);
			runOnlyForDeploymentPostprocessing = 0;
		};
/* End PBXResourcesBuildPhase section */

/* Begin PBXSourcesBuildPhase section */
		0BE0B2A729E96C2000FF6D48 /* Sources */ = {
			isa = PBXSourcesBuildPhase;
			buildActionMask = 2147483647;
			files = (
				0BE0B2DD29E97F0E00FF6D48 /* ProfileView.swift in Sources */,
				0BE0B2CC29E970AD00FF6D48 /* TweetsRowView.swift in Sources */,
				0BE0B2D529E97C9300FF6D48 /* ExplorView.swift in Sources */,
				0BE0B2CF29E97B5800FF6D48 /* MainTapView.swift in Sources */,
				0BE0B2C929E96E5700FF6D48 /* FeedView.swift in Sources */,
				0BE0B2D729E97CA800FF6D48 /* NoficationView.swift in Sources */,
				0BE0B2DF29E98E3E00FF6D48 /* TweetFilterViewModel.swift in Sources */,
				0BE0B2D929E97CCE00FF6D48 /* MessageView.swift in Sources */,
				0BE0B2AF29E96C2000FF6D48 /* TwitterCloneApp.swift in Sources */,
			);
			runOnlyForDeploymentPostprocessing = 0;
		};
/* End PBXSourcesBuildPhase section */

/* Begin XCBuildConfiguration section */
		0BE0B2B729E96C2100FF6D48 /* Debug */ = {
			isa = XCBuildConfiguration;
			buildSettings = {
				ALWAYS_SEARCH_USER_PATHS = NO;
				CLANG_ANALYZER_NONNULL = YES;
				CLANG_ANALYZER_NUMBER_OBJECT_CONVERSION = YES_AGGRESSIVE;
				CLANG_CXX_LANGUAGE_STANDARD = "gnu++20";
				CLANG_ENABLE_MODULES = YES;
				CLANG_ENABLE_OBJC_ARC = YES;
				CLANG_ENABLE_OBJC_WEAK = YES;
				CLANG_WARN_BLOCK_CAPTURE_AUTORELEASING = YES;
				CLANG_WARN_BOOL_CONVERSION = YES;
				CLANG_WARN_COMMA = YES;
				CLANG_WARN_CONSTANT_CONVERSION = YES;
				CLANG_WARN_DEPRECATED_OBJC_IMPLEMENTATIONS = YES;
				CLANG_WARN_DIRECT_OBJC_ISA_USAGE = YES_ERROR;
				CLANG_WARN_DOCUMENTATION_COMMENTS = YES;
				CLANG_WARN_EMPTY_BODY = YES;
				CLANG_WARN_ENUM_CONVERSION = YES;
				CLANG_WARN_INFINITE_RECURSION = YES;
				CLANG_WARN_INT_CONVERSION = YES;
				CLANG_WARN_NON_LITERAL_NULL_CONVERSION = YES;
				CLANG_WARN_OBJC_IMPLICIT_RETAIN_SELF = YES;
				CLANG_WARN_OBJC_LITERAL_CONVERSION = YES;
				CLANG_WARN_OBJC_ROOT_CLASS = YES_ERROR;
				CLANG_WARN_QUOTED_INCLUDE_IN_FRAMEWORK_HEADER = YES;
				CLANG_WARN_RANGE_LOOP_ANALYSIS = YES;
				CLANG_WARN_STRICT_PROTOTYPES = YES;
				CLANG_WARN_SUSPICIOUS_MOVE = YES;
				CLANG_WARN_UNGUARDED_AVAILABILITY = YES_AGGRESSIVE;
				CLANG_WARN_UNREACHABLE_CODE = YES;
				CLANG_WARN__DUPLICATE_METHOD_MATCH = YES;
				COPY_PHASE_STRIP = NO;
				DEBUG_INFORMATION_FORMAT = dwarf;
				ENABLE_STRICT_OBJC_MSGSEND = YES;
				ENABLE_TESTABILITY = YES;
				GCC_C_LANGUAGE_STANDARD = gnu11;
				GCC_DYNAMIC_NO_PIC = NO;
				GCC_NO_COMMON_BLOCKS = YES;
				GCC_OPTIMIZATION_LEVEL = 0;
				GCC_PREPROCESSOR_DEFINITIONS = (
					"DEBUG=1",
					"$(inherited)",
				);
				GCC_WARN_64_TO_32_BIT_CONVERSION = YES;
				GCC_WARN_ABOUT_RETURN_TYPE = YES_ERROR;
				GCC_WARN_UNDECLARED_SELECTOR = YES;
				GCC_WARN_UNINITIALIZED_AUTOS = YES_AGGRESSIVE;
				GCC_WARN_UNUSED_FUNCTION = YES;
				GCC_WARN_UNUSED_VARIABLE = YES;
				IPHONEOS_DEPLOYMENT_TARGET = 16.4;
				MTL_ENABLE_DEBUG_INFO = INCLUDE_SOURCE;
				MTL_FAST_MATH = YES;
				ONLY_ACTIVE_ARCH = YES;
				SDKROOT = iphoneos;
				SWIFT_ACTIVE_COMPILATION_CONDITIONS = DEBUG;
				SWIFT_OPTIMIZATION_LEVEL = "-Onone";
			};
			name = Debug;
		};
		0BE0B2B829E96C2100FF6D48 /* Release */ = {
			isa = XCBuildConfiguration;
			buildSettings = {
				ALWAYS_SEARCH_USER_PATHS = NO;
				CLANG_ANALYZER_NONNULL = YES;
				CLANG_ANALYZER_NUMBER_OBJECT_CONVERSION = YES_AGGRESSIVE;
				CLANG_CXX_LANGUAGE_STANDARD = "gnu++20";
				CLANG_ENABLE_MODULES = YES;
				CLANG_ENABLE_OBJC_ARC = YES;
				CLANG_ENABLE_OBJC_WEAK = YES;
				CLANG_WARN_BLOCK_CAPTURE_AUTORELEASING = YES;
				CLANG_WARN_BOOL_CONVERSION = YES;
				CLANG_WARN_COMMA = YES;
				CLANG_WARN_CONSTANT_CONVERSION = YES;
				CLANG_WARN_DEPRECATED_OBJC_IMPLEMENTATIONS = YES;
				CLANG_WARN_DIRECT_OBJC_ISA_USAGE = YES_ERROR;
				CLANG_WARN_DOCUMENTATION_COMMENTS = YES;
				CLANG_WARN_EMPTY_BODY = YES;
				CLANG_WARN_ENUM_CONVERSION = YES;
				CLANG_WARN_INFINITE_RECURSION = YES;
				CLANG_WARN_INT_CONVERSION = YES;
				CLANG_WARN_NON_LITERAL_NULL_CONVERSION = YES;
				CLANG_WARN_OBJC_IMPLICIT_RETAIN_SELF = YES;
				CLANG_WARN_OBJC_LITERAL_CONVERSION = YES;
				CLANG_WARN_OBJC_ROOT_CLASS = YES_ERROR;
				CLANG_WARN_QUOTED_INCLUDE_IN_FRAMEWORK_HEADER = YES;
				CLANG_WARN_RANGE_LOOP_ANALYSIS = YES;
				CLANG_WARN_STRICT_PROTOTYPES = YES;
				CLANG_WARN_SUSPICIOUS_MOVE = YES;
				CLANG_WARN_UNGUARDED_AVAILABILITY = YES_AGGRESSIVE;
				CLANG_WARN_UNREACHABLE_CODE = YES;
				CLANG_WARN__DUPLICATE_METHOD_MATCH = YES;
				COPY_PHASE_STRIP = NO;
				DEBUG_INFORMATION_FORMAT = "dwarf-with-dsym";
				ENABLE_NS_ASSERTIONS = NO;
				ENABLE_STRICT_OBJC_MSGSEND = YES;
				GCC_C_LANGUAGE_STANDARD = gnu11;
				GCC_NO_COMMON_BLOCKS = YES;
				GCC_WARN_64_TO_32_BIT_CONVERSION = YES;
				GCC_WARN_ABOUT_RETURN_TYPE = YES_ERROR;
				GCC_WARN_UNDECLARED_SELECTOR = YES;
				GCC_WARN_UNINITIALIZED_AUTOS = YES_AGGRESSIVE;
				GCC_WARN_UNUSED_FUNCTION = YES;
				GCC_WARN_UNUSED_VARIABLE = YES;
				IPHONEOS_DEPLOYMENT_TARGET = 16.4;
				MTL_ENABLE_DEBUG_INFO = NO;
				MTL_FAST_MATH = YES;
				SDKROOT = iphoneos;
				SWIFT_COMPILATION_MODE = wholemodule;
				SWIFT_OPTIMIZATION_LEVEL = "-O";
				VALIDATE_PRODUCT = YES;
			};
			name = Release;
		};
		0BE0B2BA29E96C2100FF6D48 /* Debug */ = {
			isa = XCBuildConfiguration;
			buildSettings = {
				ASSETCATALOG_COMPILER_APPICON_NAME = AppIcon;
				ASSETCATALOG_COMPILER_GLOBAL_ACCENT_COLOR_NAME = AccentColor;
				CODE_SIGN_STYLE = Automatic;
				CURRENT_PROJECT_VERSION = 1;
				DEVELOPMENT_ASSET_PATHS = "\"TwitterClone/Preview Content\"";
				DEVELOPMENT_TEAM = GSD6RCY68C;
				ENABLE_PREVIEWS = YES;
				GENERATE_INFOPLIST_FILE = YES;
				INFOPLIST_KEY_UIApplicationSceneManifest_Generation = YES;
				INFOPLIST_KEY_UIApplicationSupportsIndirectInputEvents = YES;
				INFOPLIST_KEY_UILaunchScreen_Generation = YES;
				INFOPLIST_KEY_UISupportedInterfaceOrientations_iPad = "UIInterfaceOrientationPortrait UIInterfaceOrientationPortraitUpsideDown UIInterfaceOrientationLandscapeLeft UIInterfaceOrientationLandscapeRight";
				INFOPLIST_KEY_UISupportedInterfaceOrientations_iPhone = "UIInterfaceOrientationPortrait UIInterfaceOrientationLandscapeLeft UIInterfaceOrientationLandscapeRight";
				LD_RUNPATH_SEARCH_PATHS = (
					"$(inherited)",
					"@executable_path/Frameworks",
				);
				MARKETING_VERSION = 1.0;
				PRODUCT_BUNDLE_IDENTIFIER = Yoo.TwitterClone;
				PRODUCT_NAME = "$(TARGET_NAME)";
				SWIFT_EMIT_LOC_STRINGS = YES;
				SWIFT_VERSION = 5.0;
				TARGETED_DEVICE_FAMILY = "1,2";
			};
			name = Debug;
		};
		0BE0B2BB29E96C2100FF6D48 /* Release */ = {
			isa = XCBuildConfiguration;
			buildSettings = {
				ASSETCATALOG_COMPILER_APPICON_NAME = AppIcon;
				ASSETCATALOG_COMPILER_GLOBAL_ACCENT_COLOR_NAME = AccentColor;
				CODE_SIGN_STYLE = Automatic;
				CURRENT_PROJECT_VERSION = 1;
				DEVELOPMENT_ASSET_PATHS = "\"TwitterClone/Preview Content\"";
				DEVELOPMENT_TEAM = GSD6RCY68C;
				ENABLE_PREVIEWS = YES;
				GENERATE_INFOPLIST_FILE = YES;
				INFOPLIST_KEY_UIApplicationSceneManifest_Generation = YES;
				INFOPLIST_KEY_UIApplicationSupportsIndirectInputEvents = YES;
				INFOPLIST_KEY_UILaunchScreen_Generation = YES;
				INFOPLIST_KEY_UISupportedInterfaceOrientations_iPad = "UIInterfaceOrientationPortrait UIInterfaceOrientationPortraitUpsideDown UIInterfaceOrientationLandscapeLeft UIInterfaceOrientationLandscapeRight";
				INFOPLIST_KEY_UISupportedInterfaceOrientations_iPhone = "UIInterfaceOrientationPortrait UIInterfaceOrientationLandscapeLeft UIInterfaceOrientationLandscapeRight";
				LD_RUNPATH_SEARCH_PATHS = (
					"$(inherited)",
					"@executable_path/Frameworks",
				);
				MARKETING_VERSION = 1.0;
				PRODUCT_BUNDLE_IDENTIFIER = Yoo.TwitterClone;
				PRODUCT_NAME = "$(TARGET_NAME)";
				SWIFT_EMIT_LOC_STRINGS = YES;
				SWIFT_VERSION = 5.0;
				TARGETED_DEVICE_FAMILY = "1,2";
			};
			name = Release;
		};
/* End XCBuildConfiguration section */

/* Begin XCConfigurationList section */
		0BE0B2A629E96C2000FF6D48 /* Build configuration list for PBXProject "TwitterClone" */ = {
			isa = XCConfigurationList;
			buildConfigurations = (
				0BE0B2B729E96C2100FF6D48 /* Debug */,
				0BE0B2B829E96C2100FF6D48 /* Release */,
			);
			defaultConfigurationIsVisible = 0;
			defaultConfigurationName = Release;
		};
		0BE0B2B929E96C2100FF6D48 /* Build configuration list for PBXNativeTarget "TwitterClone" */ = {
			isa = XCConfigurationList;
			buildConfigurations = (
				0BE0B2BA29E96C2100FF6D48 /* Debug */,
				0BE0B2BB29E96C2100FF6D48 /* Release */,
			);
			defaultConfigurationIsVisible = 0;
			defaultConfigurationName = Release;
		};
/* End XCConfigurationList section */
	};
	rootObject = 0BE0B2A329E96C2000FF6D48 /* Project object */;
}
